// !$*UTF8*$!
{
	archiveVersion = 1;
	classes = {
	};
	objectVersion = 56;
	objects = {

/* Begin PBXBuildFile section */
		639DAC202A963DEC00AFD13A /* AppDelegate.swift in Sources */ = {isa = PBXBuildFile; fileRef = 639DAC1F2A963DEC00AFD13A /* AppDelegate.swift */; };
		639DAC222A963DEC00AFD13A /* SceneDelegate.swift in Sources */ = {isa = PBXBuildFile; fileRef = 639DAC212A963DEC00AFD13A /* SceneDelegate.swift */; };
		639DAC242A963DEC00AFD13A /* ViewController.swift in Sources */ = {isa = PBXBuildFile; fileRef = 639DAC232A963DEC00AFD13A /* ViewController.swift */; };
		639DAC292A963DEE00AFD13A /* Assets.xcassets in Resources */ = {isa = PBXBuildFile; fileRef = 639DAC282A963DEE00AFD13A /* Assets.xcassets */; };
		639DAC2C2A963DEE00AFD13A /* LaunchScreen.storyboard in Resources */ = {isa = PBXBuildFile; fileRef = 639DAC2A2A963DEE00AFD13A /* LaunchScreen.storyboard */; };
		639DAC372A963DEE00AFD13A /* FirebaseClassWordTests.swift in Sources */ = {isa = PBXBuildFile; fileRef = 639DAC362A963DEE00AFD13A /* FirebaseClassWordTests.swift */; };
		639DAC412A963DEE00AFD13A /* FirebaseClassWordUITests.swift in Sources */ = {isa = PBXBuildFile; fileRef = 639DAC402A963DEE00AFD13A /* FirebaseClassWordUITests.swift */; };
		639DAC432A963DEE00AFD13A /* FirebaseClassWordUITestsLaunchTests.swift in Sources */ = {isa = PBXBuildFile; fileRef = 639DAC422A963DEE00AFD13A /* FirebaseClassWordUITestsLaunchTests.swift */; };
		639DAC512A963FC300AFD13A /* SnapKit in Frameworks */ = {isa = PBXBuildFile; productRef = 639DAC502A963FC300AFD13A /* SnapKit */; };
		639DAC532A9641EB00AFD13A /* GoogleService-Info.plist in Resources */ = {isa = PBXBuildFile; fileRef = 639DAC522A9641EB00AFD13A /* GoogleService-Info.plist */; };
		639DAC582A96440B00AFD13A /* leveldb-library.xcframework in Frameworks */ = {isa = PBXBuildFile; fileRef = 639DAC542A96440A00AFD13A /* leveldb-library.xcframework */; };
		639DAC592A96440B00AFD13A /* FirebaseDatabase.xcframework in Frameworks */ = {isa = PBXBuildFile; fileRef = 639DAC552A96440B00AFD13A /* FirebaseDatabase.xcframework */; };
		639DAC5A2A96440B00AFD13A /* FirebaseDatabaseSwift.xcframework in Frameworks */ = {isa = PBXBuildFile; fileRef = 639DAC562A96440B00AFD13A /* FirebaseDatabaseSwift.xcframework */; };
		639DAC5B2A96440B00AFD13A /* FirebaseSharedSwift.xcframework in Frameworks */ = {isa = PBXBuildFile; fileRef = 639DAC572A96440B00AFD13A /* FirebaseSharedSwift.xcframework */; };
		639DAC5E2A96441F00AFD13A /* FirebaseCore.xcframework in Frameworks */ = {isa = PBXBuildFile; fileRef = 639DAC5C2A96441E00AFD13A /* FirebaseCore.xcframework */; };
		639DAC5F2A96441F00AFD13A /* FirebaseCoreInternal.xcframework in Frameworks */ = {isa = PBXBuildFile; fileRef = 639DAC5D2A96441F00AFD13A /* FirebaseCoreInternal.xcframework */; };
		639DAC632A96469700AFD13A /* GoogleUtilities.xcframework in Frameworks */ = {isa = PBXBuildFile; fileRef = 639DAC622A96469700AFD13A /* GoogleUtilities.xcframework */; };
/* End PBXBuildFile section */

/* Begin PBXContainerItemProxy section */
		639DAC332A963DEE00AFD13A /* PBXContainerItemProxy */ = {
			isa = PBXContainerItemProxy;
			containerPortal = 639DAC142A963DEC00AFD13A /* Project object */;
			proxyType = 1;
			remoteGlobalIDString = 639DAC1B2A963DEC00AFD13A;
			remoteInfo = FirebaseClassWord;
		};
		639DAC3D2A963DEE00AFD13A /* PBXContainerItemProxy */ = {
			isa = PBXContainerItemProxy;
			containerPortal = 639DAC142A963DEC00AFD13A /* Project object */;
			proxyType = 1;
			remoteGlobalIDString = 639DAC1B2A963DEC00AFD13A;
			remoteInfo = FirebaseClassWord;
		};
/* End PBXContainerItemProxy section */

/* Begin PBXFileReference section */
		639DAC1C2A963DEC00AFD13A /* FirebaseClassWord.app */ = {isa = PBXFileReference; explicitFileType = wrapper.application; includeInIndex = 0; path = FirebaseClassWord.app; sourceTree = BUILT_PRODUCTS_DIR; };
		639DAC1F2A963DEC00AFD13A /* AppDelegate.swift */ = {isa = PBXFileReference; lastKnownFileType = sourcecode.swift; path = AppDelegate.swift; sourceTree = "<group>"; };
		639DAC212A963DEC00AFD13A /* SceneDelegate.swift */ = {isa = PBXFileReference; lastKnownFileType = sourcecode.swift; path = SceneDelegate.swift; sourceTree = "<group>"; };
		639DAC232A963DEC00AFD13A /* ViewController.swift */ = {isa = PBXFileReference; lastKnownFileType = sourcecode.swift; path = ViewController.swift; sourceTree = "<group>"; };
		639DAC282A963DEE00AFD13A /* Assets.xcassets */ = {isa = PBXFileReference; lastKnownFileType = folder.assetcatalog; path = Assets.xcassets; sourceTree = "<group>"; };
		639DAC2B2A963DEE00AFD13A /* Base */ = {isa = PBXFileReference; lastKnownFileType = file.storyboard; name = Base; path = Base.lproj/LaunchScreen.storyboard; sourceTree = "<group>"; };
		639DAC2D2A963DEE00AFD13A /* Info.plist */ = {isa = PBXFileReference; lastKnownFileType = text.plist.xml; path = Info.plist; sourceTree = "<group>"; };
		639DAC322A963DEE00AFD13A /* FirebaseClassWordTests.xctest */ = {isa = PBXFileReference; explicitFileType = wrapper.cfbundle; includeInIndex = 0; path = FirebaseClassWordTests.xctest; sourceTree = BUILT_PRODUCTS_DIR; };
		639DAC362A963DEE00AFD13A /* FirebaseClassWordTests.swift */ = {isa = PBXFileReference; lastKnownFileType = sourcecode.swift; path = FirebaseClassWordTests.swift; sourceTree = "<group>"; };
		639DAC3C2A963DEE00AFD13A /* FirebaseClassWordUITests.xctest */ = {isa = PBXFileReference; explicitFileType = wrapper.cfbundle; includeInIndex = 0; path = FirebaseClassWordUITests.xctest; sourceTree = BUILT_PRODUCTS_DIR; };
		639DAC402A963DEE00AFD13A /* FirebaseClassWordUITests.swift */ = {isa = PBXFileReference; lastKnownFileType = sourcecode.swift; path = FirebaseClassWordUITests.swift; sourceTree = "<group>"; };
		639DAC422A963DEE00AFD13A /* FirebaseClassWordUITestsLaunchTests.swift */ = {isa = PBXFileReference; lastKnownFileType = sourcecode.swift; path = FirebaseClassWordUITestsLaunchTests.swift; sourceTree = "<group>"; };
		639DAC522A9641EB00AFD13A /* GoogleService-Info.plist */ = {isa = PBXFileReference; fileEncoding = 4; lastKnownFileType = text.plist.xml; path = "GoogleService-Info.plist"; sourceTree = "<group>"; };
		639DAC542A96440A00AFD13A /* leveldb-library.xcframework */ = {isa = PBXFileReference; lastKnownFileType = wrapper.xcframework; path = "leveldb-library.xcframework"; sourceTree = "<group>"; };
		639DAC552A96440B00AFD13A /* FirebaseDatabase.xcframework */ = {isa = PBXFileReference; lastKnownFileType = wrapper.xcframework; path = FirebaseDatabase.xcframework; sourceTree = "<group>"; };
		639DAC562A96440B00AFD13A /* FirebaseDatabaseSwift.xcframework */ = {isa = PBXFileReference; lastKnownFileType = wrapper.xcframework; path = FirebaseDatabaseSwift.xcframework; sourceTree = "<group>"; };
		639DAC572A96440B00AFD13A /* FirebaseSharedSwift.xcframework */ = {isa = PBXFileReference; lastKnownFileType = wrapper.xcframework; path = FirebaseSharedSwift.xcframework; sourceTree = "<group>"; };
		639DAC5C2A96441E00AFD13A /* FirebaseCore.xcframework */ = {isa = PBXFileReference; lastKnownFileType = wrapper.xcframework; path = FirebaseCore.xcframework; sourceTree = "<group>"; };
		639DAC5D2A96441F00AFD13A /* FirebaseCoreInternal.xcframework */ = {isa = PBXFileReference; lastKnownFileType = wrapper.xcframework; path = FirebaseCoreInternal.xcframework; sourceTree = "<group>"; };
		639DAC602A96443500AFD13A /* module.modulemap */ = {isa = PBXFileReference; lastKnownFileType = "sourcecode.module-map"; path = module.modulemap; sourceTree = "<group>"; };
		639DAC612A96443500AFD13A /* Firebase.h */ = {isa = PBXFileReference; lastKnownFileType = sourcecode.c.h; path = Firebase.h; sourceTree = "<group>"; };
		639DAC622A96469700AFD13A /* GoogleUtilities.xcframework */ = {isa = PBXFileReference; lastKnownFileType = wrapper.xcframework; path = GoogleUtilities.xcframework; sourceTree = "<group>"; };
/* End PBXFileReference section */

/* Begin PBXFrameworksBuildPhase section */
		639DAC192A963DEC00AFD13A /* Frameworks */ = {
			isa = PBXFrameworksBuildPhase;
			buildActionMask = 2147483647;
			files = (
				639DAC582A96440B00AFD13A /* leveldb-library.xcframework in Frameworks */,
				639DAC5E2A96441F00AFD13A /* FirebaseCore.xcframework in Frameworks */,
				639DAC5B2A96440B00AFD13A /* FirebaseSharedSwift.xcframework in Frameworks */,
				639DAC632A96469700AFD13A /* GoogleUtilities.xcframework in Frameworks */,
				639DAC5A2A96440B00AFD13A /* FirebaseDatabaseSwift.xcframework in Frameworks */,
				639DAC592A96440B00AFD13A /* FirebaseDatabase.xcframework in Frameworks */,
				639DAC512A963FC300AFD13A /* SnapKit in Frameworks */,
				639DAC5F2A96441F00AFD13A /* FirebaseCoreInternal.xcframework in Frameworks */,
			);
			runOnlyForDeploymentPostprocessing = 0;
		};
		639DAC2F2A963DEE00AFD13A /* Frameworks */ = {
			isa = PBXFrameworksBuildPhase;
			buildActionMask = 2147483647;
			files = (
			);
			runOnlyForDeploymentPostprocessing = 0;
		};
		639DAC392A963DEE00AFD13A /* Frameworks */ = {
			isa = PBXFrameworksBuildPhase;
			buildActionMask = 2147483647;
			files = (
			);
			runOnlyForDeploymentPostprocessing = 0;
		};
/* End PBXFrameworksBuildPhase section */

/* Begin PBXGroup section */
		639DAC132A963DEC00AFD13A = {
			isa = PBXGroup;
			children = (
				639DAC1E2A963DEC00AFD13A /* FirebaseClassWord */,
				639DAC352A963DEE00AFD13A /* FirebaseClassWordTests */,
				639DAC3F2A963DEE00AFD13A /* FirebaseClassWordUITests */,
				639DAC1D2A963DEC00AFD13A /* Products */,
			);
			sourceTree = "<group>";
		};
		639DAC1D2A963DEC00AFD13A /* Products */ = {
			isa = PBXGroup;
			children = (
				639DAC1C2A963DEC00AFD13A /* FirebaseClassWord.app */,
				639DAC322A963DEE00AFD13A /* FirebaseClassWordTests.xctest */,
				639DAC3C2A963DEE00AFD13A /* FirebaseClassWordUITests.xctest */,
			);
			name = Products;
			sourceTree = "<group>";
		};
		639DAC1E2A963DEC00AFD13A /* FirebaseClassWord */ = {
			isa = PBXGroup;
			children = (
				639DAC1F2A963DEC00AFD13A /* AppDelegate.swift */,
				639DAC212A963DEC00AFD13A /* SceneDelegate.swift */,
				639DAC232A963DEC00AFD13A /* ViewController.swift */,
				639DAC282A963DEE00AFD13A /* Assets.xcassets */,
				639DAC2A2A963DEE00AFD13A /* LaunchScreen.storyboard */,
				639DAC2D2A963DEE00AFD13A /* Info.plist */,
				639DAC522A9641EB00AFD13A /* GoogleService-Info.plist */,
				639DAC552A96440B00AFD13A /* FirebaseDatabase.xcframework */,
				639DAC562A96440B00AFD13A /* FirebaseDatabaseSwift.xcframework */,
				639DAC572A96440B00AFD13A /* FirebaseSharedSwift.xcframework */,
				639DAC542A96440A00AFD13A /* leveldb-library.xcframework */,
				639DAC5C2A96441E00AFD13A /* FirebaseCore.xcframework */,
				639DAC5D2A96441F00AFD13A /* FirebaseCoreInternal.xcframework */,
				639DAC622A96469700AFD13A /* GoogleUtilities.xcframework */,
				639DAC612A96443500AFD13A /* Firebase.h */,
				639DAC602A96443500AFD13A /* module.modulemap */,
			);
			path = FirebaseClassWord;
			sourceTree = "<group>";
		};
		639DAC352A963DEE00AFD13A /* FirebaseClassWordTests */ = {
			isa = PBXGroup;
			children = (
				639DAC362A963DEE00AFD13A /* FirebaseClassWordTests.swift */,
			);
			path = FirebaseClassWordTests;
			sourceTree = "<group>";
		};
		639DAC3F2A963DEE00AFD13A /* FirebaseClassWordUITests */ = {
			isa = PBXGroup;
			children = (
				639DAC402A963DEE00AFD13A /* FirebaseClassWordUITests.swift */,
				639DAC422A963DEE00AFD13A /* FirebaseClassWordUITestsLaunchTests.swift */,
			);
			path = FirebaseClassWordUITests;
			sourceTree = "<group>";
		};
/* End PBXGroup section */

/* Begin PBXNativeTarget section */
		639DAC1B2A963DEC00AFD13A /* FirebaseClassWord */ = {
			isa = PBXNativeTarget;
			buildConfigurationList = 639DAC462A963DEE00AFD13A /* Build configuration list for PBXNativeTarget "FirebaseClassWord" */;
			buildPhases = (
				639DAC182A963DEC00AFD13A /* Sources */,
				639DAC192A963DEC00AFD13A /* Frameworks */,
				639DAC1A2A963DEC00AFD13A /* Resources */,
			);
			buildRules = (
			);
			dependencies = (
			);
			name = FirebaseClassWord;
			packageProductDependencies = (
				639DAC502A963FC300AFD13A /* SnapKit */,
			);
			productName = FirebaseClassWord;
			productReference = 639DAC1C2A963DEC00AFD13A /* FirebaseClassWord.app */;
			productType = "com.apple.product-type.application";
		};
		639DAC312A963DEE00AFD13A /* FirebaseClassWordTests */ = {
			isa = PBXNativeTarget;
			buildConfigurationList = 639DAC492A963DEE00AFD13A /* Build configuration list for PBXNativeTarget "FirebaseClassWordTests" */;
			buildPhases = (
				639DAC2E2A963DEE00AFD13A /* Sources */,
				639DAC2F2A963DEE00AFD13A /* Frameworks */,
				639DAC302A963DEE00AFD13A /* Resources */,
			);
			buildRules = (
			);
			dependencies = (
				639DAC342A963DEE00AFD13A /* PBXTargetDependency */,
			);
			name = FirebaseClassWordTests;
			productName = FirebaseClassWordTests;
			productReference = 639DAC322A963DEE00AFD13A /* FirebaseClassWordTests.xctest */;
			productType = "com.apple.product-type.bundle.unit-test";
		};
		639DAC3B2A963DEE00AFD13A /* FirebaseClassWordUITests */ = {
			isa = PBXNativeTarget;
			buildConfigurationList = 639DAC4C2A963DEE00AFD13A /* Build configuration list for PBXNativeTarget "FirebaseClassWordUITests" */;
			buildPhases = (
				639DAC382A963DEE00AFD13A /* Sources */,
				639DAC392A963DEE00AFD13A /* Frameworks */,
				639DAC3A2A963DEE00AFD13A /* Resources */,
			);
			buildRules = (
			);
			dependencies = (
				639DAC3E2A963DEE00AFD13A /* PBXTargetDependency */,
			);
			name = FirebaseClassWordUITests;
			productName = FirebaseClassWordUITests;
			productReference = 639DAC3C2A963DEE00AFD13A /* FirebaseClassWordUITests.xctest */;
			productType = "com.apple.product-type.bundle.ui-testing";
		};
/* End PBXNativeTarget section */

/* Begin PBXProject section */
		639DAC142A963DEC00AFD13A /* Project object */ = {
			isa = PBXProject;
			attributes = {
				BuildIndependentTargetsInParallel = 1;
				LastSwiftUpdateCheck = 1430;
				LastUpgradeCheck = 1430;
				TargetAttributes = {
					639DAC1B2A963DEC00AFD13A = {
						CreatedOnToolsVersion = 14.3.1;
					};
					639DAC312A963DEE00AFD13A = {
						CreatedOnToolsVersion = 14.3.1;
						TestTargetID = 639DAC1B2A963DEC00AFD13A;
					};
					639DAC3B2A963DEE00AFD13A = {
						CreatedOnToolsVersion = 14.3.1;
						TestTargetID = 639DAC1B2A963DEC00AFD13A;
					};
				};
			};
			buildConfigurationList = 639DAC172A963DEC00AFD13A /* Build configuration list for PBXProject "FirebaseClassWord" */;
			compatibilityVersion = "Xcode 14.0";
			developmentRegion = en;
			hasScannedForEncodings = 0;
			knownRegions = (
				en,
				Base,
			);
			mainGroup = 639DAC132A963DEC00AFD13A;
			packageReferences = (
				639DAC4F2A963FC300AFD13A /* XCRemoteSwiftPackageReference "SnapKit" */,
			);
			productRefGroup = 639DAC1D2A963DEC00AFD13A /* Products */;
			projectDirPath = "";
			projectRoot = "";
			targets = (
				639DAC1B2A963DEC00AFD13A /* FirebaseClassWord */,
				639DAC312A963DEE00AFD13A /* FirebaseClassWordTests */,
				639DAC3B2A963DEE00AFD13A /* FirebaseClassWordUITests */,
			);
		};
/* End PBXProject section */

/* Begin PBXResourcesBuildPhase section */
		639DAC1A2A963DEC00AFD13A /* Resources */ = {
			isa = PBXResourcesBuildPhase;
			buildActionMask = 2147483647;
			files = (
				639DAC2C2A963DEE00AFD13A /* LaunchScreen.storyboard in Resources */,
				639DAC292A963DEE00AFD13A /* Assets.xcassets in Resources */,
				639DAC532A9641EB00AFD13A /* GoogleService-Info.plist in Resources */,
			);
			runOnlyForDeploymentPostprocessing = 0;
		};
		639DAC302A963DEE00AFD13A /* Resources */ = {
			isa = PBXResourcesBuildPhase;
			buildActionMask = 2147483647;
			files = (
			);
			runOnlyForDeploymentPostprocessing = 0;
		};
		639DAC3A2A963DEE00AFD13A /* Resources */ = {
			isa = PBXResourcesBuildPhase;
			buildActionMask = 2147483647;
			files = (
			);
			runOnlyForDeploymentPostprocessing = 0;
		};
/* End PBXResourcesBuildPhase section */

/* Begin PBXSourcesBuildPhase section */
		639DAC182A963DEC00AFD13A /* Sources */ = {
			isa = PBXSourcesBuildPhase;
			buildActionMask = 2147483647;
			files = (
				639DAC242A963DEC00AFD13A /* ViewController.swift in Sources */,
				639DAC202A963DEC00AFD13A /* AppDelegate.swift in Sources */,
				639DAC222A963DEC00AFD13A /* SceneDelegate.swift in Sources */,
			);
			runOnlyForDeploymentPostprocessing = 0;
		};
		639DAC2E2A963DEE00AFD13A /* Sources */ = {
			isa = PBXSourcesBuildPhase;
			buildActionMask = 2147483647;
			files = (
				639DAC372A963DEE00AFD13A /* FirebaseClassWordTests.swift in Sources */,
			);
			runOnlyForDeploymentPostprocessing = 0;
		};
		639DAC382A963DEE00AFD13A /* Sources */ = {
			isa = PBXSourcesBuildPhase;
			buildActionMask = 2147483647;
			files = (
				639DAC432A963DEE00AFD13A /* FirebaseClassWordUITestsLaunchTests.swift in Sources */,
				639DAC412A963DEE00AFD13A /* FirebaseClassWordUITests.swift in Sources */,
			);
			runOnlyForDeploymentPostprocessing = 0;
		};
/* End PBXSourcesBuildPhase section */

/* Begin PBXTargetDependency section */
		639DAC342A963DEE00AFD13A /* PBXTargetDependency */ = {
			isa = PBXTargetDependency;
			target = 639DAC1B2A963DEC00AFD13A /* FirebaseClassWord */;
			targetProxy = 639DAC332A963DEE00AFD13A /* PBXContainerItemProxy */;
		};
		639DAC3E2A963DEE00AFD13A /* PBXTargetDependency */ = {
			isa = PBXTargetDependency;
			target = 639DAC1B2A963DEC00AFD13A /* FirebaseClassWord */;
			targetProxy = 639DAC3D2A963DEE00AFD13A /* PBXContainerItemProxy */;
		};
/* End PBXTargetDependency section */

/* Begin PBXVariantGroup section */
		639DAC2A2A963DEE00AFD13A /* LaunchScreen.storyboard */ = {
			isa = PBXVariantGroup;
			children = (
				639DAC2B2A963DEE00AFD13A /* Base */,
			);
			name = LaunchScreen.storyboard;
			sourceTree = "<group>";
		};
/* End PBXVariantGroup section */

/* Begin XCBuildConfiguration section */
		639DAC442A963DEE00AFD13A /* Debug */ = {
			isa = XCBuildConfiguration;
			buildSettings = {
				ALWAYS_SEARCH_USER_PATHS = NO;
				CLANG_ANALYZER_NONNULL = YES;
				CLANG_ANALYZER_NUMBER_OBJECT_CONVERSION = YES_AGGRESSIVE;
				CLANG_CXX_LANGUAGE_STANDARD = "gnu++20";
				CLANG_ENABLE_MODULES = YES;
				CLANG_ENABLE_OBJC_ARC = YES;
				CLANG_ENABLE_OBJC_WEAK = YES;
				CLANG_WARN_BLOCK_CAPTURE_AUTORELEASING = YES;
				CLANG_WARN_BOOL_CONVERSION = YES;
				CLANG_WARN_COMMA = YES;
				CLANG_WARN_CONSTANT_CONVERSION = YES;
				CLANG_WARN_DEPRECATED_OBJC_IMPLEMENTATIONS = YES;
				CLANG_WARN_DIRECT_OBJC_ISA_USAGE = YES_ERROR;
				CLANG_WARN_DOCUMENTATION_COMMENTS = YES;
				CLANG_WARN_EMPTY_BODY = YES;
				CLANG_WARN_ENUM_CONVERSION = YES;
				CLANG_WARN_INFINITE_RECURSION = YES;
				CLANG_WARN_INT_CONVERSION = YES;
				CLANG_WARN_NON_LITERAL_NULL_CONVERSION = YES;
				CLANG_WARN_OBJC_IMPLICIT_RETAIN_SELF = YES;
				CLANG_WARN_OBJC_LITERAL_CONVERSION = YES;
				CLANG_WARN_OBJC_ROOT_CLASS = YES_ERROR;
				CLANG_WARN_QUOTED_INCLUDE_IN_FRAMEWORK_HEADER = YES;
				CLANG_WARN_RANGE_LOOP_ANALYSIS = YES;
				CLANG_WARN_STRICT_PROTOTYPES = YES;
				CLANG_WARN_SUSPICIOUS_MOVE = YES;
				CLANG_WARN_UNGUARDED_AVAILABILITY = YES_AGGRESSIVE;
				CLANG_WARN_UNREACHABLE_CODE = YES;
				CLANG_WARN__DUPLICATE_METHOD_MATCH = YES;
				COPY_PHASE_STRIP = NO;
				DEBUG_INFORMATION_FORMAT = dwarf;
				ENABLE_STRICT_OBJC_MSGSEND = YES;
				ENABLE_TESTABILITY = YES;
				GCC_C_LANGUAGE_STANDARD = gnu11;
				GCC_DYNAMIC_NO_PIC = NO;
				GCC_NO_COMMON_BLOCKS = YES;
				GCC_OPTIMIZATION_LEVEL = 0;
				GCC_PREPROCESSOR_DEFINITIONS = (
					"DEBUG=1",
					"$(inherited)",
				);
				GCC_WARN_64_TO_32_BIT_CONVERSION = YES;
				GCC_WARN_ABOUT_RETURN_TYPE = YES_ERROR;
				GCC_WARN_UNDECLARED_SELECTOR = YES;
				GCC_WARN_UNINITIALIZED_AUTOS = YES_AGGRESSIVE;
				GCC_WARN_UNUSED_FUNCTION = YES;
				GCC_WARN_UNUSED_VARIABLE = YES;
				IPHONEOS_DEPLOYMENT_TARGET = 16.4;
				MTL_ENABLE_DEBUG_INFO = INCLUDE_SOURCE;
				MTL_FAST_MATH = YES;
				ONLY_ACTIVE_ARCH = YES;
				SDKROOT = iphoneos;
				SWIFT_ACTIVE_COMPILATION_CONDITIONS = DEBUG;
				SWIFT_OPTIMIZATION_LEVEL = "-Onone";
			};
			name = Debug;
		};
		639DAC452A963DEE00AFD13A /* Release */ = {
			isa = XCBuildConfiguration;
			buildSettings = {
				ALWAYS_SEARCH_USER_PATHS = NO;
				CLANG_ANALYZER_NONNULL = YES;
				CLANG_ANALYZER_NUMBER_OBJECT_CONVERSION = YES_AGGRESSIVE;
				CLANG_CXX_LANGUAGE_STANDARD = "gnu++20";
				CLANG_ENABLE_MODULES = YES;
				CLANG_ENABLE_OBJC_ARC = YES;
				CLANG_ENABLE_OBJC_WEAK = YES;
				CLANG_WARN_BLOCK_CAPTURE_AUTORELEASING = YES;
				CLANG_WARN_BOOL_CONVERSION = YES;
				CLANG_WARN_COMMA = YES;
				CLANG_WARN_CONSTANT_CONVERSION = YES;
				CLANG_WARN_DEPRECATED_OBJC_IMPLEMENTATIONS = YES;
				CLANG_WARN_DIRECT_OBJC_ISA_USAGE = YES_ERROR;
				CLANG_WARN_DOCUMENTATION_COMMENTS = YES;
				CLANG_WARN_EMPTY_BODY = YES;
				CLANG_WARN_ENUM_CONVERSION = YES;
				CLANG_WARN_INFINITE_RECURSION = YES;
				CLANG_WARN_INT_CONVERSION = YES;
				CLANG_WARN_NON_LITERAL_NULL_CONVERSION = YES;
				CLANG_WARN_OBJC_IMPLICIT_RETAIN_SELF = YES;
				CLANG_WARN_OBJC_LITERAL_CONVERSION = YES;
				CLANG_WARN_OBJC_ROOT_CLASS = YES_ERROR;
				CLANG_WARN_QUOTED_INCLUDE_IN_FRAMEWORK_HEADER = YES;
				CLANG_WARN_RANGE_LOOP_ANALYSIS = YES;
				CLANG_WARN_STRICT_PROTOTYPES = YES;
				CLANG_WARN_SUSPICIOUS_MOVE = YES;
				CLANG_WARN_UNGUARDED_AVAILABILITY = YES_AGGRESSIVE;
				CLANG_WARN_UNREACHABLE_CODE = YES;
				CLANG_WARN__DUPLICATE_METHOD_MATCH = YES;
				COPY_PHASE_STRIP = NO;
				DEBUG_INFORMATION_FORMAT = "dwarf-with-dsym";
				ENABLE_NS_ASSERTIONS = NO;
				ENABLE_STRICT_OBJC_MSGSEND = YES;
				GCC_C_LANGUAGE_STANDARD = gnu11;
				GCC_NO_COMMON_BLOCKS = YES;
				GCC_WARN_64_TO_32_BIT_CONVERSION = YES;
				GCC_WARN_ABOUT_RETURN_TYPE = YES_ERROR;
				GCC_WARN_UNDECLARED_SELECTOR = YES;
				GCC_WARN_UNINITIALIZED_AUTOS = YES_AGGRESSIVE;
				GCC_WARN_UNUSED_FUNCTION = YES;
				GCC_WARN_UNUSED_VARIABLE = YES;
				IPHONEOS_DEPLOYMENT_TARGET = 16.4;
				MTL_ENABLE_DEBUG_INFO = NO;
				MTL_FAST_MATH = YES;
				SDKROOT = iphoneos;
				SWIFT_COMPILATION_MODE = wholemodule;
				SWIFT_OPTIMIZATION_LEVEL = "-O";
				VALIDATE_PRODUCT = YES;
			};
			name = Release;
		};
		639DAC472A963DEE00AFD13A /* Debug */ = {
			isa = XCBuildConfiguration;
			buildSettings = {
				ASSETCATALOG_COMPILER_APPICON_NAME = AppIcon;
				ASSETCATALOG_COMPILER_GLOBAL_ACCENT_COLOR_NAME = AccentColor;
				CODE_SIGN_STYLE = Automatic;
				CURRENT_PROJECT_VERSION = 1;
				GENERATE_INFOPLIST_FILE = YES;
				INFOPLIST_FILE = FirebaseClassWord/Info.plist;
				INFOPLIST_KEY_UIApplicationSupportsIndirectInputEvents = YES;
				INFOPLIST_KEY_UILaunchStoryboardName = LaunchScreen;
				INFOPLIST_KEY_UISupportedInterfaceOrientations_iPad = "UIInterfaceOrientationPortrait UIInterfaceOrientationPortraitUpsideDown UIInterfaceOrientationLandscapeLeft UIInterfaceOrientationLandscapeRight";
				INFOPLIST_KEY_UISupportedInterfaceOrientations_iPhone = "UIInterfaceOrientationPortrait UIInterfaceOrientationLandscapeLeft UIInterfaceOrientationLandscapeRight";
				LD_RUNPATH_SEARCH_PATHS = (
					"$(inherited)",
					"@executable_path/Frameworks",
				);
				MARKETING_VERSION = 1.0;
				PRODUCT_BUNDLE_IDENTIFIER = justcode.FirebaseClassWord;
				PRODUCT_NAME = "$(TARGET_NAME)";
				SWIFT_EMIT_LOC_STRINGS = YES;
				SWIFT_VERSION = 5.0;
				TARGETED_DEVICE_FAMILY = "1,2";
			};
			name = Debug;
		};
		639DAC482A963DEE00AFD13A /* Release */ = {
			isa = XCBuildConfiguration;
			buildSettings = {
				ASSETCATALOG_COMPILER_APPICON_NAME = AppIcon;
				ASSETCATALOG_COMPILER_GLOBAL_ACCENT_COLOR_NAME = AccentColor;
				CODE_SIGN_STYLE = Automatic;
				CURRENT_PROJECT_VERSION = 1;
				GENERATE_INFOPLIST_FILE = YES;
				INFOPLIST_FILE = FirebaseClassWord/Info.plist;
				INFOPLIST_KEY_UIApplicationSupportsIndirectInputEvents = YES;
				INFOPLIST_KEY_UILaunchStoryboardName = LaunchScreen;
				INFOPLIST_KEY_UISupportedInterfaceOrientations_iPad = "UIInterfaceOrientationPortrait UIInterfaceOrientationPortraitUpsideDown UIInterfaceOrientationLandscapeLeft UIInterfaceOrientationLandscapeRight";
				INFOPLIST_KEY_UISupportedInterfaceOrientations_iPhone = "UIInterfaceOrientationPortrait UIInterfaceOrientationLandscapeLeft UIInterfaceOrientationLandscapeRight";
				LD_RUNPATH_SEARCH_PATHS = (
					"$(inherited)",
					"@executable_path/Frameworks",
				);
				MARKETING_VERSION = 1.0;
				PRODUCT_BUNDLE_IDENTIFIER = justcode.FirebaseClassWord;
				PRODUCT_NAME = "$(TARGET_NAME)";
				SWIFT_EMIT_LOC_STRINGS = YES;
				SWIFT_VERSION = 5.0;
				TARGETED_DEVICE_FAMILY = "1,2";
			};
			name = Release;
		};
		639DAC4A2A963DEE00AFD13A /* Debug */ = {
			isa = XCBuildConfiguration;
			buildSettings = {
				ALWAYS_EMBED_SWIFT_STANDARD_LIBRARIES = YES;
				BUNDLE_LOADER = "$(TEST_HOST)";
				CODE_SIGN_STYLE = Automatic;
				CURRENT_PROJECT_VERSION = 1;
				GENERATE_INFOPLIST_FILE = YES;
				IPHONEOS_DEPLOYMENT_TARGET = 16.4;
				MARKETING_VERSION = 1.0;
				PRODUCT_BUNDLE_IDENTIFIER = justcode.FirebaseClassWordTests;
				PRODUCT_NAME = "$(TARGET_NAME)";
				SWIFT_EMIT_LOC_STRINGS = NO;
				SWIFT_VERSION = 5.0;
				TARGETED_DEVICE_FAMILY = "1,2";
				TEST_HOST = "$(BUILT_PRODUCTS_DIR)/FirebaseClassWord.app/$(BUNDLE_EXECUTABLE_FOLDER_PATH)/FirebaseClassWord";
			};
			name = Debug;
		};
		639DAC4B2A963DEE00AFD13A /* Release */ = {
			isa = XCBuildConfiguration;
			buildSettings = {
				ALWAYS_EMBED_SWIFT_STANDARD_LIBRARIES = YES;
				BUNDLE_LOADER = "$(TEST_HOST)";
				CODE_SIGN_STYLE = Automatic;
				CURRENT_PROJECT_VERSION = 1;
				GENERATE_INFOPLIST_FILE = YES;
				IPHONEOS_DEPLOYMENT_TARGET = 16.4;
				MARKETING_VERSION = 1.0;
				PRODUCT_BUNDLE_IDENTIFIER = justcode.FirebaseClassWordTests;
				PRODUCT_NAME = "$(TARGET_NAME)";
				SWIFT_EMIT_LOC_STRINGS = NO;
				SWIFT_VERSION = 5.0;
				TARGETED_DEVICE_FAMILY = "1,2";
				TEST_HOST = "$(BUILT_PRODUCTS_DIR)/FirebaseClassWord.app/$(BUNDLE_EXECUTABLE_FOLDER_PATH)/FirebaseClassWord";
			};
			name = Release;
		};
		639DAC4D2A963DEE00AFD13A /* Debug */ = {
			isa = XCBuildConfiguration;
			buildSettings = {
				ALWAYS_EMBED_SWIFT_STANDARD_LIBRARIES = YES;
				CODE_SIGN_STYLE = Automatic;
				CURRENT_PROJECT_VERSION = 1;
				GENERATE_INFOPLIST_FILE = YES;
				MARKETING_VERSION = 1.0;
				PRODUCT_BUNDLE_IDENTIFIER = justcode.FirebaseClassWordUITests;
				PRODUCT_NAME = "$(TARGET_NAME)";
				SWIFT_EMIT_LOC_STRINGS = NO;
				SWIFT_VERSION = 5.0;
				TARGETED_DEVICE_FAMILY = "1,2";
				TEST_TARGET_NAME = FirebaseClassWord;
			};
			name = Debug;
		};
		639DAC4E2A963DEE00AFD13A /* Release */ = {
			isa = XCBuildConfiguration;
			buildSettings = {
				ALWAYS_EMBED_SWIFT_STANDARD_LIBRARIES = YES;
				CODE_SIGN_STYLE = Automatic;
				CURRENT_PROJECT_VERSION = 1;
				GENERATE_INFOPLIST_FILE = YES;
				MARKETING_VERSION = 1.0;
				PRODUCT_BUNDLE_IDENTIFIER = justcode.FirebaseClassWordUITests;
				PRODUCT_NAME = "$(TARGET_NAME)";
				SWIFT_EMIT_LOC_STRINGS = NO;
				SWIFT_VERSION = 5.0;
				TARGETED_DEVICE_FAMILY = "1,2";
				TEST_TARGET_NAME = FirebaseClassWord;
			};
			name = Release;
		};
/* End XCBuildConfiguration section */

/* Begin XCConfigurationList section */
		639DAC172A963DEC00AFD13A /* Build configuration list for PBXProject "FirebaseClassWord" */ = {
			isa = XCConfigurationList;
			buildConfigurations = (
				639DAC442A963DEE00AFD13A /* Debug */,
				639DAC452A963DEE00AFD13A /* Release */,
			);
			defaultConfigurationIsVisible = 0;
			defaultConfigurationName = Release;
		};
		639DAC462A963DEE00AFD13A /* Build configuration list for PBXNativeTarget "FirebaseClassWord" */ = {
			isa = XCConfigurationList;
			buildConfigurations = (
				639DAC472A963DEE00AFD13A /* Debug */,
				639DAC482A963DEE00AFD13A /* Release */,
			);
			defaultConfigurationIsVisible = 0;
			defaultConfigurationName = Release;
		};
		639DAC492A963DEE00AFD13A /* Build configuration list for PBXNativeTarget "FirebaseClassWordTests" */ = {
			isa = XCConfigurationList;
			buildConfigurations = (
				639DAC4A2A963DEE00AFD13A /* Debug */,
				639DAC4B2A963DEE00AFD13A /* Release */,
			);
			defaultConfigurationIsVisible = 0;
			defaultConfigurationName = Release;
		};
		639DAC4C2A963DEE00AFD13A /* Build configuration list for PBXNativeTarget "FirebaseClassWordUITests" */ = {
			isa = XCConfigurationList;
			buildConfigurations = (
				639DAC4D2A963DEE00AFD13A /* Debug */,
				639DAC4E2A963DEE00AFD13A /* Release */,
			);
			defaultConfigurationIsVisible = 0;
			defaultConfigurationName = Release;
		};
/* End XCConfigurationList section */

/* Begin XCRemoteSwiftPackageReference section */
		639DAC4F2A963FC300AFD13A /* XCRemoteSwiftPackageReference "SnapKit" */ = {
			isa = XCRemoteSwiftPackageReference;
			repositoryURL = "https://github.com/SnapKit/SnapKit.git";
			requirement = {
				kind = upToNextMajorVersion;
				minimumVersion = 5.0.0;
			};
		};
/* End XCRemoteSwiftPackageReference section */

/* Begin XCSwiftPackageProductDependency section */
		639DAC502A963FC300AFD13A /* SnapKit */ = {
			isa = XCSwiftPackageProductDependency;
			package = 639DAC4F2A963FC300AFD13A /* XCRemoteSwiftPackageReference "SnapKit" */;
			productName = SnapKit;
		};
/* End XCSwiftPackageProductDependency section */
	};
	rootObject = 639DAC142A963DEC00AFD13A /* Project object */;
}
